
Microsoft Visual Studio Solution File, Format Version 12.00
# Visual Studio Version 17
VisualStudioVersion = 17.0.31521.260
MinimumVisualStudioVersion = 10.0.40219.1
Project("{FAE04EC0-301F-11D3-BF4B-00C04F79EFBC}") = "ObserverPattern", "ObserverPattern\ObserverPattern.csproj", "{05917594-90DB-4AE4-991F-96A722F34CEB}"
EndProject
Global
	GlobalSection(SolutionConfigurationPlatforms) = preSolution
		Debug|Any CPU = Debug|Any CPU
		Release|Any CPU = Release|Any CPU
	EndGlobalSection
	GlobalSection(ProjectConfigurationPlatforms) = postSolution
		{05917594-90DB-4AE4-991F-96A722F34CEB}.Debug|Any CPU.ActiveCfg = Debug|Any CPU
		{05917594-90DB-4AE4-991F-96A722F34CEB}.Debug|Any CPU.Build.0 = Debug|Any CPU
		{05917594-90DB-4AE4-991F-96A722F34CEB}.Release|Any CPU.ActiveCfg = Release|Any CPU
		{05917594-90DB-4AE4-991F-96A722F34CEB}.Release|Any CPU.Build.0 = Release|Any CPU
	EndGlobalSection
	GlobalSection(SolutionProperties) = preSolution
		HideSolutionNode = FALSE
	EndGlobalSection
	GlobalSection(ExtensibilityGlobals) = postSolution
		SolutionGuid = {3FA7DF2D-509B-4A84-9B5C-A02C4B43705E}
	EndGlobalSection
EndGlobal
